certifi==2021.5.30
charset-normalizer==2.0.4
ffmpeg-python==0.2.0
future==0.18.2
idna==3.2
-e git+https://github.com/Yorwba/kanjivg-gif@c67a2434d32f3bfc1d5f4bf81b8d49a483732531#egg=kanjivg_gif
lxml==4.6.3
numpy==1.21.2
Pillow==8.3.1
PySide2==5.15.2
requests==2.26.0
scipy==1.7.1
shiboken2==5.15.2
svg.path==4.1
urllib3==1.26.6
